// !$*UTF8*$!
{
	archiveVersion = 1;
	classes = {
	};
	objectVersion = 56;
	objects = {

/* Begin PBXBuildFile section */
		93B5EEB72A033196002F2E25 /* NimbusTVModel.xcdatamodeld in Sources */ = {isa = PBXBuildFile; fileRef = 93B5EEB52A033196002F2E25 /* NimbusTVModel.xcdatamodeld */; };
		93B5EEB92A09B845002F2E25 /* DataPersistenceManager.swift in Sources */ = {isa = PBXBuildFile; fileRef = 93B5EEB82A09B845002F2E25 /* DataPersistenceManager.swift */; };
		93B5EEC02A28271D002F2E25 /* Upcoming.png in Resources */ = {isa = PBXBuildFile; fileRef = 93B5EEBC2A28271D002F2E25 /* Upcoming.png */; };
		93B5EEC12A28271D002F2E25 /* Downloads.png in Resources */ = {isa = PBXBuildFile; fileRef = 93B5EEBD2A28271D002F2E25 /* Downloads.png */; };
		93B5EEC22A28271D002F2E25 /* Home.png in Resources */ = {isa = PBXBuildFile; fileRef = 93B5EEBE2A28271D002F2E25 /* Home.png */; };
		93B5EEC32A28271D002F2E25 /* Search.png in Resources */ = {isa = PBXBuildFile; fileRef = 93B5EEBF2A28271D002F2E25 /* Search.png */; };
		93C3267F294BF51700686E27 /* AppDelegate.swift in Sources */ = {isa = PBXBuildFile; fileRef = 93C3267E294BF51700686E27 /* AppDelegate.swift */; };
		93C32681294BF51700686E27 /* SceneDelegate.swift in Sources */ = {isa = PBXBuildFile; fileRef = 93C32680294BF51700686E27 /* SceneDelegate.swift */; };
		93C32688294BF51900686E27 /* Assets.xcassets in Resources */ = {isa = PBXBuildFile; fileRef = 93C32687294BF51900686E27 /* Assets.xcassets */; };
		93C3268B294BF51900686E27 /* LaunchScreen.storyboard in Resources */ = {isa = PBXBuildFile; fileRef = 93C32689294BF51900686E27 /* LaunchScreen.storyboard */; };
		93C32696294BF51900686E27 /* NimbusTVTests.swift in Sources */ = {isa = PBXBuildFile; fileRef = 93C32695294BF51900686E27 /* NimbusTVTests.swift */; };
		93C326A0294BF51900686E27 /* NimbusTVUITests.swift in Sources */ = {isa = PBXBuildFile; fileRef = 93C3269F294BF51900686E27 /* NimbusTVUITests.swift */; };
		93C326A2294BF51900686E27 /* NimbusTVUITestsLaunchTests.swift in Sources */ = {isa = PBXBuildFile; fileRef = 93C326A1294BF51900686E27 /* NimbusTVUITestsLaunchTests.swift */; };
		93C326AF294BF61100686E27 /* MainTabBarViewController.swift in Sources */ = {isa = PBXBuildFile; fileRef = 93C326AE294BF61100686E27 /* MainTabBarViewController.swift */; };
		93C326B2294BF84B00686E27 /* HomeViewController.swift in Sources */ = {isa = PBXBuildFile; fileRef = 93C326B1294BF84B00686E27 /* HomeViewController.swift */; };
		93C326B4294BF86D00686E27 /* UpcomingViewController.swift in Sources */ = {isa = PBXBuildFile; fileRef = 93C326B3294BF86D00686E27 /* UpcomingViewController.swift */; };
		93C326B6294BF88300686E27 /* SearchViewController.swift in Sources */ = {isa = PBXBuildFile; fileRef = 93C326B5294BF88300686E27 /* SearchViewController.swift */; };
		93C326B8294BF89700686E27 /* DownloadsViewController.swift in Sources */ = {isa = PBXBuildFile; fileRef = 93C326B7294BF89700686E27 /* DownloadsViewController.swift */; };
		93C326BD2952B9C300686E27 /* CollectionViewTableViewCell.swift in Sources */ = {isa = PBXBuildFile; fileRef = 93C326BC2952B9C300686E27 /* CollectionViewTableViewCell.swift */; };
		93C326BF2967C0B400686E27 /* HeaderView.swift in Sources */ = {isa = PBXBuildFile; fileRef = 93C326BE2967C0B400686E27 /* HeaderView.swift */; };
		93C326C52995A68900686E27 /* NetworkManager.swift in Sources */ = {isa = PBXBuildFile; fileRef = 93C326C42995A68900686E27 /* NetworkManager.swift */; };
		93C326C72995AB7200686E27 /* Title.swift in Sources */ = {isa = PBXBuildFile; fileRef = 93C326C62995AB7200686E27 /* Title.swift */; };
		93C326CA29ABDDDD00686E27 /* Extensions.swift in Sources */ = {isa = PBXBuildFile; fileRef = 93C326C929ABDDDD00686E27 /* Extensions.swift */; };
		93C326CE29B5576F00686E27 /* TitleCollectionViewCell.swift in Sources */ = {isa = PBXBuildFile; fileRef = 93C326CD29B5576F00686E27 /* TitleCollectionViewCell.swift */; };
		93C326D129B55C2600686E27 /* SDWebImage in Frameworks */ = {isa = PBXBuildFile; productRef = 93C326D029B55C2600686E27 /* SDWebImage */; };
		93C326D329B55C2600686E27 /* SDWebImageMapKit in Frameworks */ = {isa = PBXBuildFile; productRef = 93C326D229B55C2600686E27 /* SDWebImageMapKit */; };
		93C7F21C29E4A3BA0002A90D /* TitleTableViewCell.swift in Sources */ = {isa = PBXBuildFile; fileRef = 93C7F21B29E4A3BA0002A90D /* TitleTableViewCell.swift */; };
		93C7F21E29E4A9FC0002A90D /* TitleViewModel.swift in Sources */ = {isa = PBXBuildFile; fileRef = 93C7F21D29E4A9FC0002A90D /* TitleViewModel.swift */; };
		93C7F22029EDF9F20002A90D /* SearchResultsViewController.swift in Sources */ = {isa = PBXBuildFile; fileRef = 93C7F21F29EDF9F20002A90D /* SearchResultsViewController.swift */; };
		93C7F22429F8B7110002A90D /* YoutubeSearchResponse.swift in Sources */ = {isa = PBXBuildFile; fileRef = 93C7F22329F8B7100002A90D /* YoutubeSearchResponse.swift */; };
		93C7F22629FAC8C30002A90D /* TitlePreviewViewController.swift in Sources */ = {isa = PBXBuildFile; fileRef = 93C7F22529FAC8C30002A90D /* TitlePreviewViewController.swift */; };
		93C7F22829FAD6860002A90D /* TitlePreviewViewModel.swift in Sources */ = {isa = PBXBuildFile; fileRef = 93C7F22729FAD6860002A90D /* TitlePreviewViewModel.swift */; };
/* End PBXBuildFile section */

/* Begin PBXContainerItemProxy section */
		93C32692294BF51900686E27 /* PBXContainerItemProxy */ = {
			isa = PBXContainerItemProxy;
			containerPortal = 93C32673294BF51700686E27 /* Project object */;
			proxyType = 1;
			remoteGlobalIDString = 93C3267A294BF51700686E27;
			remoteInfo = NimbusTV;
		};
		93C3269C294BF51900686E27 /* PBXContainerItemProxy */ = {
			isa = PBXContainerItemProxy;
			containerPortal = 93C32673294BF51700686E27 /* Project object */;
			proxyType = 1;
			remoteGlobalIDString = 93C3267A294BF51700686E27;
			remoteInfo = NimbusTV;
		};
/* End PBXContainerItemProxy section */

/* Begin PBXFileReference section */
		93B5EEB62A033196002F2E25 /* NimbusTVModel.xcdatamodel */ = {isa = PBXFileReference; lastKnownFileType = wrapper.xcdatamodel; path = NimbusTVModel.xcdatamodel; sourceTree = "<group>"; };
		93B5EEB82A09B845002F2E25 /* DataPersistenceManager.swift */ = {isa = PBXFileReference; lastKnownFileType = sourcecode.swift; path = DataPersistenceManager.swift; sourceTree = "<group>"; };
		93B5EEBA2A28239D002F2E25 /* README.md */ = {isa = PBXFileReference; lastKnownFileType = net.daringfireball.markdown; path = README.md; sourceTree = "<group>"; };
		93B5EEBC2A28271D002F2E25 /* Upcoming.png */ = {isa = PBXFileReference; lastKnownFileType = image.png; path = Upcoming.png; sourceTree = "<group>"; };
		93B5EEBD2A28271D002F2E25 /* Downloads.png */ = {isa = PBXFileReference; lastKnownFileType = image.png; path = Downloads.png; sourceTree = "<group>"; };
		93B5EEBE2A28271D002F2E25 /* Home.png */ = {isa = PBXFileReference; lastKnownFileType = image.png; path = Home.png; sourceTree = "<group>"; };
		93B5EEBF2A28271D002F2E25 /* Search.png */ = {isa = PBXFileReference; lastKnownFileType = image.png; path = Search.png; sourceTree = "<group>"; };
		93C3267B294BF51700686E27 /* NimbusTV.app */ = {isa = PBXFileReference; explicitFileType = wrapper.application; includeInIndex = 0; path = NimbusTV.app; sourceTree = BUILT_PRODUCTS_DIR; };
		93C3267E294BF51700686E27 /* AppDelegate.swift */ = {isa = PBXFileReference; lastKnownFileType = sourcecode.swift; path = AppDelegate.swift; sourceTree = "<group>"; };
		93C32680294BF51700686E27 /* SceneDelegate.swift */ = {isa = PBXFileReference; lastKnownFileType = sourcecode.swift; path = SceneDelegate.swift; sourceTree = "<group>"; };
		93C32687294BF51900686E27 /* Assets.xcassets */ = {isa = PBXFileReference; lastKnownFileType = folder.assetcatalog; path = Assets.xcassets; sourceTree = "<group>"; };
		93C3268A294BF51900686E27 /* Base */ = {isa = PBXFileReference; lastKnownFileType = file.storyboard; name = Base; path = Base.lproj/LaunchScreen.storyboard; sourceTree = "<group>"; };
		93C3268C294BF51900686E27 /* Info.plist */ = {isa = PBXFileReference; lastKnownFileType = text.plist.xml; path = Info.plist; sourceTree = "<group>"; };
		93C32691294BF51900686E27 /* NimbusTVTests.xctest */ = {isa = PBXFileReference; explicitFileType = wrapper.cfbundle; includeInIndex = 0; path = NimbusTVTests.xctest; sourceTree = BUILT_PRODUCTS_DIR; };
		93C32695294BF51900686E27 /* NimbusTVTests.swift */ = {isa = PBXFileReference; lastKnownFileType = sourcecode.swift; path = NimbusTVTests.swift; sourceTree = "<group>"; };
		93C3269B294BF51900686E27 /* NimbusTVUITests.xctest */ = {isa = PBXFileReference; explicitFileType = wrapper.cfbundle; includeInIndex = 0; path = NimbusTVUITests.xctest; sourceTree = BUILT_PRODUCTS_DIR; };
		93C3269F294BF51900686E27 /* NimbusTVUITests.swift */ = {isa = PBXFileReference; lastKnownFileType = sourcecode.swift; path = NimbusTVUITests.swift; sourceTree = "<group>"; };
		93C326A1294BF51900686E27 /* NimbusTVUITestsLaunchTests.swift */ = {isa = PBXFileReference; lastKnownFileType = sourcecode.swift; path = NimbusTVUITestsLaunchTests.swift; sourceTree = "<group>"; };
		93C326AE294BF61100686E27 /* MainTabBarViewController.swift */ = {isa = PBXFileReference; lastKnownFileType = sourcecode.swift; path = MainTabBarViewController.swift; sourceTree = "<group>"; };
		93C326B1294BF84B00686E27 /* HomeViewController.swift */ = {isa = PBXFileReference; lastKnownFileType = sourcecode.swift; path = HomeViewController.swift; sourceTree = "<group>"; };
		93C326B3294BF86D00686E27 /* UpcomingViewController.swift */ = {isa = PBXFileReference; lastKnownFileType = sourcecode.swift; path = UpcomingViewController.swift; sourceTree = "<group>"; };
		93C326B5294BF88300686E27 /* SearchViewController.swift */ = {isa = PBXFileReference; lastKnownFileType = sourcecode.swift; path = SearchViewController.swift; sourceTree = "<group>"; };
		93C326B7294BF89700686E27 /* DownloadsViewController.swift */ = {isa = PBXFileReference; lastKnownFileType = sourcecode.swift; path = DownloadsViewController.swift; sourceTree = "<group>"; };
		93C326BC2952B9C300686E27 /* CollectionViewTableViewCell.swift */ = {isa = PBXFileReference; lastKnownFileType = sourcecode.swift; path = CollectionViewTableViewCell.swift; sourceTree = "<group>"; };
		93C326BE2967C0B400686E27 /* HeaderView.swift */ = {isa = PBXFileReference; lastKnownFileType = sourcecode.swift; path = HeaderView.swift; sourceTree = "<group>"; };
		93C326C42995A68900686E27 /* NetworkManager.swift */ = {isa = PBXFileReference; lastKnownFileType = sourcecode.swift; path = NetworkManager.swift; sourceTree = "<group>"; };
		93C326C62995AB7200686E27 /* Title.swift */ = {isa = PBXFileReference; lastKnownFileType = sourcecode.swift; path = Title.swift; sourceTree = "<group>"; };
		93C326C929ABDDDD00686E27 /* Extensions.swift */ = {isa = PBXFileReference; lastKnownFileType = sourcecode.swift; path = Extensions.swift; sourceTree = "<group>"; };
		93C326CD29B5576F00686E27 /* TitleCollectionViewCell.swift */ = {isa = PBXFileReference; lastKnownFileType = sourcecode.swift; path = TitleCollectionViewCell.swift; sourceTree = "<group>"; };
		93C7F21B29E4A3BA0002A90D /* TitleTableViewCell.swift */ = {isa = PBXFileReference; lastKnownFileType = sourcecode.swift; path = TitleTableViewCell.swift; sourceTree = "<group>"; };
		93C7F21D29E4A9FC0002A90D /* TitleViewModel.swift */ = {isa = PBXFileReference; lastKnownFileType = sourcecode.swift; path = TitleViewModel.swift; sourceTree = "<group>"; };
		93C7F21F29EDF9F20002A90D /* SearchResultsViewController.swift */ = {isa = PBXFileReference; lastKnownFileType = sourcecode.swift; path = SearchResultsViewController.swift; sourceTree = "<group>"; };
		93C7F22329F8B7100002A90D /* YoutubeSearchResponse.swift */ = {isa = PBXFileReference; lastKnownFileType = sourcecode.swift; path = YoutubeSearchResponse.swift; sourceTree = "<group>"; };
		93C7F22529FAC8C30002A90D /* TitlePreviewViewController.swift */ = {isa = PBXFileReference; lastKnownFileType = sourcecode.swift; path = TitlePreviewViewController.swift; sourceTree = "<group>"; };
		93C7F22729FAD6860002A90D /* TitlePreviewViewModel.swift */ = {isa = PBXFileReference; lastKnownFileType = sourcecode.swift; path = TitlePreviewViewModel.swift; sourceTree = "<group>"; };
/* End PBXFileReference section */

/* Begin PBXFrameworksBuildPhase section */
		93C32678294BF51700686E27 /* Frameworks */ = {
			isa = PBXFrameworksBuildPhase;
			buildActionMask = 2147483647;
			files = (
				93C326D329B55C2600686E27 /* SDWebImageMapKit in Frameworks */,
				93C326D129B55C2600686E27 /* SDWebImage in Frameworks */,
			);
			runOnlyForDeploymentPostprocessing = 0;
		};
		93C3268E294BF51900686E27 /* Frameworks */ = {
			isa = PBXFrameworksBuildPhase;
			buildActionMask = 2147483647;
			files = (
			);
			runOnlyForDeploymentPostprocessing = 0;
		};
		93C32698294BF51900686E27 /* Frameworks */ = {
			isa = PBXFrameworksBuildPhase;
			buildActionMask = 2147483647;
			files = (
			);
			runOnlyForDeploymentPostprocessing = 0;
		};
/* End PBXFrameworksBuildPhase section */

/* Begin PBXGroup section */
		93B5EEBB2A2826C5002F2E25 /* Screenshots */ = {
			isa = PBXGroup;
			children = (
				93B5EEBD2A28271D002F2E25 /* Downloads.png */,
				93B5EEBE2A28271D002F2E25 /* Home.png */,
				93B5EEBF2A28271D002F2E25 /* Search.png */,
				93B5EEBC2A28271D002F2E25 /* Upcoming.png */,
			);
			path = Screenshots;
			sourceTree = "<group>";
		};
		93C32672294BF51700686E27 = {
			isa = PBXGroup;
			children = (
				93B5EEBA2A28239D002F2E25 /* README.md */,
				93C3267D294BF51700686E27 /* NimbusTV */,
				93C32694294BF51900686E27 /* NimbusTVTests */,
				93C3269E294BF51900686E27 /* NimbusTVUITests */,
				93C3267C294BF51700686E27 /* Products */,
			);
			sourceTree = "<group>";
		};
		93C3267C294BF51700686E27 /* Products */ = {
			isa = PBXGroup;
			children = (
				93C3267B294BF51700686E27 /* NimbusTV.app */,
				93C32691294BF51900686E27 /* NimbusTVTests.xctest */,
				93C3269B294BF51900686E27 /* NimbusTVUITests.xctest */,
			);
			name = Products;
			sourceTree = "<group>";
		};
		93C3267D294BF51700686E27 /* NimbusTV */ = {
			isa = PBXGroup;
			children = (
				93B5EEBB2A2826C5002F2E25 /* Screenshots */,
				93C326C829ABDDD200686E27 /* Resources */,
				93C326BB2952B99000686E27 /* Managers */,
				93C326BA2952B96700686E27 /* Models */,
				93C326B92952B95600686E27 /* Views */,
				93C326B0294BF81C00686E27 /* Controllers */,
				93C3267E294BF51700686E27 /* AppDelegate.swift */,
				93C32680294BF51700686E27 /* SceneDelegate.swift */,
				93C326AE294BF61100686E27 /* MainTabBarViewController.swift */,
				93C32687294BF51900686E27 /* Assets.xcassets */,
				93C32689294BF51900686E27 /* LaunchScreen.storyboard */,
				93C3268C294BF51900686E27 /* Info.plist */,
				93B5EEB52A033196002F2E25 /* NimbusTVModel.xcdatamodeld */,
			);
			path = NimbusTV;
			sourceTree = "<group>";
		};
		93C32694294BF51900686E27 /* NimbusTVTests */ = {
			isa = PBXGroup;
			children = (
				93C32695294BF51900686E27 /* NimbusTVTests.swift */,
			);
			path = NimbusTVTests;
			sourceTree = "<group>";
		};
		93C3269E294BF51900686E27 /* NimbusTVUITests */ = {
			isa = PBXGroup;
			children = (
				93C3269F294BF51900686E27 /* NimbusTVUITests.swift */,
				93C326A1294BF51900686E27 /* NimbusTVUITestsLaunchTests.swift */,
			);
			path = NimbusTVUITests;
			sourceTree = "<group>";
		};
		93C326B0294BF81C00686E27 /* Controllers */ = {
			isa = PBXGroup;
			children = (
				93C7F22229EDFA410002A90D /* General */,
				93C7F22129EDFA290002A90D /* Core */,
				93C7F21D29E4A9FC0002A90D /* TitleViewModel.swift */,
				93C7F22729FAD6860002A90D /* TitlePreviewViewModel.swift */,
			);
			path = Controllers;
			sourceTree = "<group>";
		};
		93C326B92952B95600686E27 /* Views */ = {
			isa = PBXGroup;
			children = (
				93C326BC2952B9C300686E27 /* CollectionViewTableViewCell.swift */,
				93C326BE2967C0B400686E27 /* HeaderView.swift */,
				93C326CD29B5576F00686E27 /* TitleCollectionViewCell.swift */,
				93C7F21B29E4A3BA0002A90D /* TitleTableViewCell.swift */,
			);
			path = Views;
			sourceTree = "<group>";
		};
		93C326BA2952B96700686E27 /* Models */ = {
			isa = PBXGroup;
			children = (
				93C326C62995AB7200686E27 /* Title.swift */,
				93C7F22329F8B7100002A90D /* YoutubeSearchResponse.swift */,
			);
			path = Models;
			sourceTree = "<group>";
		};
		93C326BB2952B99000686E27 /* Managers */ = {
			isa = PBXGroup;
			children = (
				93C326C42995A68900686E27 /* NetworkManager.swift */,
				93B5EEB82A09B845002F2E25 /* DataPersistenceManager.swift */,
			);
			path = Managers;
			sourceTree = "<group>";
		};
		93C326C829ABDDD200686E27 /* Resources */ = {
			isa = PBXGroup;
			children = (
				93C326C929ABDDDD00686E27 /* Extensions.swift */,
			);
			path = Resources;
			sourceTree = "<group>";
		};
		93C7F22129EDFA290002A90D /* Core */ = {
			isa = PBXGroup;
			children = (
				93C326B1294BF84B00686E27 /* HomeViewController.swift */,
				93C326B3294BF86D00686E27 /* UpcomingViewController.swift */,
				93C326B5294BF88300686E27 /* SearchViewController.swift */,
				93C326B7294BF89700686E27 /* DownloadsViewController.swift */,
			);
			path = Core;
			sourceTree = "<group>";
		};
		93C7F22229EDFA410002A90D /* General */ = {
			isa = PBXGroup;
			children = (
				93C7F21F29EDF9F20002A90D /* SearchResultsViewController.swift */,
				93C7F22529FAC8C30002A90D /* TitlePreviewViewController.swift */,
			);
			path = General;
			sourceTree = "<group>";
		};
/* End PBXGroup section */

/* Begin PBXNativeTarget section */
		93C3267A294BF51700686E27 /* NimbusTV */ = {
			isa = PBXNativeTarget;
			buildConfigurationList = 93C326A5294BF51900686E27 /* Build configuration list for PBXNativeTarget "NimbusTV" */;
			buildPhases = (
				93C32677294BF51700686E27 /* Sources */,
				93C32678294BF51700686E27 /* Frameworks */,
				93C32679294BF51700686E27 /* Resources */,
			);
			buildRules = (
			);
			dependencies = (
			);
			name = NimbusTV;
			packageProductDependencies = (
				93C326D029B55C2600686E27 /* SDWebImage */,
				93C326D229B55C2600686E27 /* SDWebImageMapKit */,
			);
			productName = NimbusTV;
			productReference = 93C3267B294BF51700686E27 /* NimbusTV.app */;
			productType = "com.apple.product-type.application";
		};
		93C32690294BF51900686E27 /* NimbusTVTests */ = {
			isa = PBXNativeTarget;
			buildConfigurationList = 93C326A8294BF51900686E27 /* Build configuration list for PBXNativeTarget "NimbusTVTests" */;
			buildPhases = (
				93C3268D294BF51900686E27 /* Sources */,
				93C3268E294BF51900686E27 /* Frameworks */,
				93C3268F294BF51900686E27 /* Resources */,
			);
			buildRules = (
			);
			dependencies = (
				93C32693294BF51900686E27 /* PBXTargetDependency */,
			);
			name = NimbusTVTests;
			productName = NimbusTVTests;
			productReference = 93C32691294BF51900686E27 /* NimbusTVTests.xctest */;
			productType = "com.apple.product-type.bundle.unit-test";
		};
		93C3269A294BF51900686E27 /* NimbusTVUITests */ = {
			isa = PBXNativeTarget;
			buildConfigurationList = 93C326AB294BF51900686E27 /* Build configuration list for PBXNativeTarget "NimbusTVUITests" */;
			buildPhases = (
				93C32697294BF51900686E27 /* Sources */,
				93C32698294BF51900686E27 /* Frameworks */,
				93C32699294BF51900686E27 /* Resources */,
			);
			buildRules = (
			);
			dependencies = (
				93C3269D294BF51900686E27 /* PBXTargetDependency */,
			);
			name = NimbusTVUITests;
			productName = NimbusTVUITests;
			productReference = 93C3269B294BF51900686E27 /* NimbusTVUITests.xctest */;
			productType = "com.apple.product-type.bundle.ui-testing";
		};
/* End PBXNativeTarget section */

/* Begin PBXProject section */
		93C32673294BF51700686E27 /* Project object */ = {
			isa = PBXProject;
			attributes = {
				BuildIndependentTargetsInParallel = 1;
				LastSwiftUpdateCheck = 1400;
				LastUpgradeCheck = 1400;
				TargetAttributes = {
					93C3267A294BF51700686E27 = {
						CreatedOnToolsVersion = 14.0.1;
					};
					93C32690294BF51900686E27 = {
						CreatedOnToolsVersion = 14.0.1;
						TestTargetID = 93C3267A294BF51700686E27;
					};
					93C3269A294BF51900686E27 = {
						CreatedOnToolsVersion = 14.0.1;
						TestTargetID = 93C3267A294BF51700686E27;
					};
				};
			};
			buildConfigurationList = 93C32676294BF51700686E27 /* Build configuration list for PBXProject "NimbusTV" */;
			compatibilityVersion = "Xcode 14.0";
			developmentRegion = en;
			hasScannedForEncodings = 0;
			knownRegions = (
				en,
				Base,
			);
			mainGroup = 93C32672294BF51700686E27;
			packageReferences = (
				93C326CF29B55C2600686E27 /* XCRemoteSwiftPackageReference "SDWebImage" */,
			);
			productRefGroup = 93C3267C294BF51700686E27 /* Products */;
			projectDirPath = "";
			projectRoot = "";
			targets = (
				93C3267A294BF51700686E27 /* NimbusTV */,
				93C32690294BF51900686E27 /* NimbusTVTests */,
				93C3269A294BF51900686E27 /* NimbusTVUITests */,
			);
		};
/* End PBXProject section */

/* Begin PBXResourcesBuildPhase section */
		93C32679294BF51700686E27 /* Resources */ = {
			isa = PBXResourcesBuildPhase;
			buildActionMask = 2147483647;
			files = (
				93C3268B294BF51900686E27 /* LaunchScreen.storyboard in Resources */,
				93B5EEC32A28271D002F2E25 /* Search.png in Resources */,
				93C32688294BF51900686E27 /* Assets.xcassets in Resources */,
				93B5EEC22A28271D002F2E25 /* Home.png in Resources */,
				93B5EEC02A28271D002F2E25 /* Upcoming.png in Resources */,
				93B5EEC12A28271D002F2E25 /* Downloads.png in Resources */,
			);
			runOnlyForDeploymentPostprocessing = 0;
		};
		93C3268F294BF51900686E27 /* Resources */ = {
			isa = PBXResourcesBuildPhase;
			buildActionMask = 2147483647;
			files = (
			);
			runOnlyForDeploymentPostprocessing = 0;
		};
		93C32699294BF51900686E27 /* Resources */ = {
			isa = PBXResourcesBuildPhase;
			buildActionMask = 2147483647;
			files = (
			);
			runOnlyForDeploymentPostprocessing = 0;
		};
/* End PBXResourcesBuildPhase section */

/* Begin PBXSourcesBuildPhase section */
		93C32677294BF51700686E27 /* Sources */ = {
			isa = PBXSourcesBuildPhase;
			buildActionMask = 2147483647;
			files = (
				93C7F21C29E4A3BA0002A90D /* TitleTableViewCell.swift in Sources */,
				93C326B6294BF88300686E27 /* SearchViewController.swift in Sources */,
				93C326BF2967C0B400686E27 /* HeaderView.swift in Sources */,
				93B5EEB92A09B845002F2E25 /* DataPersistenceManager.swift in Sources */,
				93B5EEB72A033196002F2E25 /* NimbusTVModel.xcdatamodeld in Sources */,
				93C326C52995A68900686E27 /* NetworkManager.swift in Sources */,
				93C326AF294BF61100686E27 /* MainTabBarViewController.swift in Sources */,
				93C326BD2952B9C300686E27 /* CollectionViewTableViewCell.swift in Sources */,
				93C326B8294BF89700686E27 /* DownloadsViewController.swift in Sources */,
				93C3267F294BF51700686E27 /* AppDelegate.swift in Sources */,
				93C326CE29B5576F00686E27 /* TitleCollectionViewCell.swift in Sources */,
				93C7F22029EDF9F20002A90D /* SearchResultsViewController.swift in Sources */,
				93C326CA29ABDDDD00686E27 /* Extensions.swift in Sources */,
				93C7F22429F8B7110002A90D /* YoutubeSearchResponse.swift in Sources */,
				93C32681294BF51700686E27 /* SceneDelegate.swift in Sources */,
				93C7F22829FAD6860002A90D /* TitlePreviewViewModel.swift in Sources */,
				93C326B4294BF86D00686E27 /* UpcomingViewController.swift in Sources */,
				93C7F22629FAC8C30002A90D /* TitlePreviewViewController.swift in Sources */,
				93C326C72995AB7200686E27 /* Title.swift in Sources */,
				93C326B2294BF84B00686E27 /* HomeViewController.swift in Sources */,
				93C7F21E29E4A9FC0002A90D /* TitleViewModel.swift in Sources */,
			);
			runOnlyForDeploymentPostprocessing = 0;
		};
		93C3268D294BF51900686E27 /* Sources */ = {
			isa = PBXSourcesBuildPhase;
			buildActionMask = 2147483647;
			files = (
				93C32696294BF51900686E27 /* NimbusTVTests.swift in Sources */,
			);
			runOnlyForDeploymentPostprocessing = 0;
		};
		93C32697294BF51900686E27 /* Sources */ = {
			isa = PBXSourcesBuildPhase;
			buildActionMask = 2147483647;
			files = (
				93C326A2294BF51900686E27 /* NimbusTVUITestsLaunchTests.swift in Sources */,
				93C326A0294BF51900686E27 /* NimbusTVUITests.swift in Sources */,
			);
			runOnlyForDeploymentPostprocessing = 0;
		};
/* End PBXSourcesBuildPhase section */

/* Begin PBXTargetDependency section */
		93C32693294BF51900686E27 /* PBXTargetDependency */ = {
			isa = PBXTargetDependency;
			target = 93C3267A294BF51700686E27 /* NimbusTV */;
			targetProxy = 93C32692294BF51900686E27 /* PBXContainerItemProxy */;
		};
		93C3269D294BF51900686E27 /* PBXTargetDependency */ = {
			isa = PBXTargetDependency;
			target = 93C3267A294BF51700686E27 /* NimbusTV */;
			targetProxy = 93C3269C294BF51900686E27 /* PBXContainerItemProxy */;
		};
/* End PBXTargetDependency section */

/* Begin PBXVariantGroup section */
		93C32689294BF51900686E27 /* LaunchScreen.storyboard */ = {
			isa = PBXVariantGroup;
			children = (
				93C3268A294BF51900686E27 /* Base */,
			);
			name = LaunchScreen.storyboard;
			sourceTree = "<group>";
		};
/* End PBXVariantGroup section */

/* Begin XCBuildConfiguration section */
		93C326A3294BF51900686E27 /* Debug */ = {
			isa = XCBuildConfiguration;
			buildSettings = {
				ALWAYS_SEARCH_USER_PATHS = NO;
				CLANG_ANALYZER_NONNULL = YES;
				CLANG_ANALYZER_NUMBER_OBJECT_CONVERSION = YES_AGGRESSIVE;
				CLANG_CXX_LANGUAGE_STANDARD = "gnu++20";
				CLANG_ENABLE_MODULES = YES;
				CLANG_ENABLE_OBJC_ARC = YES;
				CLANG_ENABLE_OBJC_WEAK = YES;
				CLANG_WARN_BLOCK_CAPTURE_AUTORELEASING = YES;
				CLANG_WARN_BOOL_CONVERSION = YES;
				CLANG_WARN_COMMA = YES;
				CLANG_WARN_CONSTANT_CONVERSION = YES;
				CLANG_WARN_DEPRECATED_OBJC_IMPLEMENTATIONS = YES;
				CLANG_WARN_DIRECT_OBJC_ISA_USAGE = YES_ERROR;
				CLANG_WARN_DOCUMENTATION_COMMENTS = YES;
				CLANG_WARN_EMPTY_BODY = YES;
				CLANG_WARN_ENUM_CONVERSION = YES;
				CLANG_WARN_INFINITE_RECURSION = YES;
				CLANG_WARN_INT_CONVERSION = YES;
				CLANG_WARN_NON_LITERAL_NULL_CONVERSION = YES;
				CLANG_WARN_OBJC_IMPLICIT_RETAIN_SELF = YES;
				CLANG_WARN_OBJC_LITERAL_CONVERSION = YES;
				CLANG_WARN_OBJC_ROOT_CLASS = YES_ERROR;
				CLANG_WARN_QUOTED_INCLUDE_IN_FRAMEWORK_HEADER = YES;
				CLANG_WARN_RANGE_LOOP_ANALYSIS = YES;
				CLANG_WARN_STRICT_PROTOTYPES = YES;
				CLANG_WARN_SUSPICIOUS_MOVE = YES;
				CLANG_WARN_UNGUARDED_AVAILABILITY = YES_AGGRESSIVE;
				CLANG_WARN_UNREACHABLE_CODE = YES;
				CLANG_WARN__DUPLICATE_METHOD_MATCH = YES;
				COPY_PHASE_STRIP = NO;
				DEBUG_INFORMATION_FORMAT = dwarf;
				ENABLE_STRICT_OBJC_MSGSEND = YES;
				ENABLE_TESTABILITY = YES;
				GCC_C_LANGUAGE_STANDARD = gnu11;
				GCC_DYNAMIC_NO_PIC = NO;
				GCC_NO_COMMON_BLOCKS = YES;
				GCC_OPTIMIZATION_LEVEL = 0;
				GCC_PREPROCESSOR_DEFINITIONS = (
					"DEBUG=1",
					"$(inherited)",
				);
				GCC_WARN_64_TO_32_BIT_CONVERSION = YES;
				GCC_WARN_ABOUT_RETURN_TYPE = YES_ERROR;
				GCC_WARN_UNDECLARED_SELECTOR = YES;
				GCC_WARN_UNINITIALIZED_AUTOS = YES_AGGRESSIVE;
				GCC_WARN_UNUSED_FUNCTION = YES;
				GCC_WARN_UNUSED_VARIABLE = YES;
				IPHONEOS_DEPLOYMENT_TARGET = 16.0;
				MTL_ENABLE_DEBUG_INFO = INCLUDE_SOURCE;
				MTL_FAST_MATH = YES;
				ONLY_ACTIVE_ARCH = YES;
				SDKROOT = iphoneos;
				SWIFT_ACTIVE_COMPILATION_CONDITIONS = DEBUG;
				SWIFT_OPTIMIZATION_LEVEL = "-Onone";
			};
			name = Debug;
		};
		93C326A4294BF51900686E27 /* Release */ = {
			isa = XCBuildConfiguration;
			buildSettings = {
				ALWAYS_SEARCH_USER_PATHS = NO;
				CLANG_ANALYZER_NONNULL = YES;
				CLANG_ANALYZER_NUMBER_OBJECT_CONVERSION = YES_AGGRESSIVE;
				CLANG_CXX_LANGUAGE_STANDARD = "gnu++20";
				CLANG_ENABLE_MODULES = YES;
				CLANG_ENABLE_OBJC_ARC = YES;
				CLANG_ENABLE_OBJC_WEAK = YES;
				CLANG_WARN_BLOCK_CAPTURE_AUTORELEASING = YES;
				CLANG_WARN_BOOL_CONVERSION = YES;
				CLANG_WARN_COMMA = YES;
				CLANG_WARN_CONSTANT_CONVERSION = YES;
				CLANG_WARN_DEPRECATED_OBJC_IMPLEMENTATIONS = YES;
				CLANG_WARN_DIRECT_OBJC_ISA_USAGE = YES_ERROR;
				CLANG_WARN_DOCUMENTATION_COMMENTS = YES;
				CLANG_WARN_EMPTY_BODY = YES;
				CLANG_WARN_ENUM_CONVERSION = YES;
				CLANG_WARN_INFINITE_RECURSION = YES;
				CLANG_WARN_INT_CONVERSION = YES;
				CLANG_WARN_NON_LITERAL_NULL_CONVERSION = YES;
				CLANG_WARN_OBJC_IMPLICIT_RETAIN_SELF = YES;
				CLANG_WARN_OBJC_LITERAL_CONVERSION = YES;
				CLANG_WARN_OBJC_ROOT_CLASS = YES_ERROR;
				CLANG_WARN_QUOTED_INCLUDE_IN_FRAMEWORK_HEADER = YES;
				CLANG_WARN_RANGE_LOOP_ANALYSIS = YES;
				CLANG_WARN_STRICT_PROTOTYPES = YES;
				CLANG_WARN_SUSPICIOUS_MOVE = YES;
				CLANG_WARN_UNGUARDED_AVAILABILITY = YES_AGGRESSIVE;
				CLANG_WARN_UNREACHABLE_CODE = YES;
				CLANG_WARN__DUPLICATE_METHOD_MATCH = YES;
				COPY_PHASE_STRIP = NO;
				DEBUG_INFORMATION_FORMAT = "dwarf-with-dsym";
				ENABLE_NS_ASSERTIONS = NO;
				ENABLE_STRICT_OBJC_MSGSEND = YES;
				GCC_C_LANGUAGE_STANDARD = gnu11;
				GCC_NO_COMMON_BLOCKS = YES;
				GCC_WARN_64_TO_32_BIT_CONVERSION = YES;
				GCC_WARN_ABOUT_RETURN_TYPE = YES_ERROR;
				GCC_WARN_UNDECLARED_SELECTOR = YES;
				GCC_WARN_UNINITIALIZED_AUTOS = YES_AGGRESSIVE;
				GCC_WARN_UNUSED_FUNCTION = YES;
				GCC_WARN_UNUSED_VARIABLE = YES;
				IPHONEOS_DEPLOYMENT_TARGET = 16.0;
				MTL_ENABLE_DEBUG_INFO = NO;
				MTL_FAST_MATH = YES;
				SDKROOT = iphoneos;
				SWIFT_COMPILATION_MODE = wholemodule;
				SWIFT_OPTIMIZATION_LEVEL = "-O";
				VALIDATE_PRODUCT = YES;
			};
			name = Release;
		};
		93C326A6294BF51900686E27 /* Debug */ = {
			isa = XCBuildConfiguration;
			buildSettings = {
				ASSETCATALOG_COMPILER_APPICON_NAME = AppIcon;
				ASSETCATALOG_COMPILER_GLOBAL_ACCENT_COLOR_NAME = AccentColor;
				CODE_SIGN_STYLE = Automatic;
				CURRENT_PROJECT_VERSION = 1;
				GENERATE_INFOPLIST_FILE = YES;
				INFOPLIST_FILE = NimbusTV/Info.plist;
				INFOPLIST_KEY_UIApplicationSupportsIndirectInputEvents = YES;
				INFOPLIST_KEY_UILaunchStoryboardName = LaunchScreen;
				INFOPLIST_KEY_UISupportedInterfaceOrientations_iPad = "UIInterfaceOrientationPortrait UIInterfaceOrientationPortraitUpsideDown UIInterfaceOrientationLandscapeLeft UIInterfaceOrientationLandscapeRight";
				INFOPLIST_KEY_UISupportedInterfaceOrientations_iPhone = "UIInterfaceOrientationPortrait UIInterfaceOrientationLandscapeLeft UIInterfaceOrientationLandscapeRight";
				LD_RUNPATH_SEARCH_PATHS = (
					"$(inherited)",
					"@executable_path/Frameworks",
				);
				MARKETING_VERSION = 1.0;
				PRODUCT_BUNDLE_IDENTIFIER = Patar.NimbusTV;
				PRODUCT_NAME = "$(TARGET_NAME)";
				SWIFT_EMIT_LOC_STRINGS = YES;
				SWIFT_VERSION = 5.0;
				TARGETED_DEVICE_FAMILY = "1,2";
			};
			name = Debug;
		};
		93C326A7294BF51900686E27 /* Release */ = {
			isa = XCBuildConfiguration;
			buildSettings = {
				ASSETCATALOG_COMPILER_APPICON_NAME = AppIcon;
				ASSETCATALOG_COMPILER_GLOBAL_ACCENT_COLOR_NAME = AccentColor;
				CODE_SIGN_STYLE = Automatic;
				CURRENT_PROJECT_VERSION = 1;
				GENERATE_INFOPLIST_FILE = YES;
				INFOPLIST_FILE = NimbusTV/Info.plist;
				INFOPLIST_KEY_UIApplicationSupportsIndirectInputEvents = YES;
				INFOPLIST_KEY_UILaunchStoryboardName = LaunchScreen;
				INFOPLIST_KEY_UISupportedInterfaceOrientations_iPad = "UIInterfaceOrientationPortrait UIInterfaceOrientationPortraitUpsideDown UIInterfaceOrientationLandscapeLeft UIInterfaceOrientationLandscapeRight";
				INFOPLIST_KEY_UISupportedInterfaceOrientations_iPhone = "UIInterfaceOrientationPortrait UIInterfaceOrientationLandscapeLeft UIInterfaceOrientationLandscapeRight";
				LD_RUNPATH_SEARCH_PATHS = (
					"$(inherited)",
					"@executable_path/Frameworks",
				);
				MARKETING_VERSION = 1.0;
				PRODUCT_BUNDLE_IDENTIFIER = Patar.NimbusTV;
				PRODUCT_NAME = "$(TARGET_NAME)";
				SWIFT_EMIT_LOC_STRINGS = YES;
				SWIFT_VERSION = 5.0;
				TARGETED_DEVICE_FAMILY = "1,2";
			};
			name = Release;
		};
		93C326A9294BF51900686E27 /* Debug */ = {
			isa = XCBuildConfiguration;
			buildSettings = {
				ALWAYS_EMBED_SWIFT_STANDARD_LIBRARIES = YES;
				BUNDLE_LOADER = "$(TEST_HOST)";
				CODE_SIGN_STYLE = Automatic;
				CURRENT_PROJECT_VERSION = 1;
				GENERATE_INFOPLIST_FILE = YES;
				IPHONEOS_DEPLOYMENT_TARGET = 16.0;
				MARKETING_VERSION = 1.0;
				PRODUCT_BUNDLE_IDENTIFIER = Patar.NimbusTVTests;
				PRODUCT_NAME = "$(TARGET_NAME)";
				SWIFT_EMIT_LOC_STRINGS = NO;
				SWIFT_VERSION = 5.0;
				TARGETED_DEVICE_FAMILY = "1,2";
				TEST_HOST = "$(BUILT_PRODUCTS_DIR)/NimbusTV.app/$(BUNDLE_EXECUTABLE_FOLDER_PATH)/NimbusTV";
			};
			name = Debug;
		};
		93C326AA294BF51900686E27 /* Release */ = {
			isa = XCBuildConfiguration;
			buildSettings = {
				ALWAYS_EMBED_SWIFT_STANDARD_LIBRARIES = YES;
				BUNDLE_LOADER = "$(TEST_HOST)";
				CODE_SIGN_STYLE = Automatic;
				CURRENT_PROJECT_VERSION = 1;
				GENERATE_INFOPLIST_FILE = YES;
				IPHONEOS_DEPLOYMENT_TARGET = 16.0;
				MARKETING_VERSION = 1.0;
				PRODUCT_BUNDLE_IDENTIFIER = Patar.NimbusTVTests;
				PRODUCT_NAME = "$(TARGET_NAME)";
				SWIFT_EMIT_LOC_STRINGS = NO;
				SWIFT_VERSION = 5.0;
				TARGETED_DEVICE_FAMILY = "1,2";
				TEST_HOST = "$(BUILT_PRODUCTS_DIR)/NimbusTV.app/$(BUNDLE_EXECUTABLE_FOLDER_PATH)/NimbusTV";
			};
			name = Release;
		};
		93C326AC294BF51900686E27 /* Debug */ = {
			isa = XCBuildConfiguration;
			buildSettings = {
				ALWAYS_EMBED_SWIFT_STANDARD_LIBRARIES = YES;
				CODE_SIGN_STYLE = Automatic;
				CURRENT_PROJECT_VERSION = 1;
				GENERATE_INFOPLIST_FILE = YES;
				MARKETING_VERSION = 1.0;
				PRODUCT_BUNDLE_IDENTIFIER = Patar.NimbusTVUITests;
				PRODUCT_NAME = "$(TARGET_NAME)";
				SWIFT_EMIT_LOC_STRINGS = NO;
				SWIFT_VERSION = 5.0;
				TARGETED_DEVICE_FAMILY = "1,2";
				TEST_TARGET_NAME = NimbusTV;
			};
			name = Debug;
		};
		93C326AD294BF51900686E27 /* Release */ = {
			isa = XCBuildConfiguration;
			buildSettings = {
				ALWAYS_EMBED_SWIFT_STANDARD_LIBRARIES = YES;
				CODE_SIGN_STYLE = Automatic;
				CURRENT_PROJECT_VERSION = 1;
				GENERATE_INFOPLIST_FILE = YES;
				MARKETING_VERSION = 1.0;
				PRODUCT_BUNDLE_IDENTIFIER = Patar.NimbusTVUITests;
				PRODUCT_NAME = "$(TARGET_NAME)";
				SWIFT_EMIT_LOC_STRINGS = NO;
				SWIFT_VERSION = 5.0;
				TARGETED_DEVICE_FAMILY = "1,2";
				TEST_TARGET_NAME = NimbusTV;
			};
			name = Release;
		};
/* End XCBuildConfiguration section */

/* Begin XCConfigurationList section */
		93C32676294BF51700686E27 /* Build configuration list for PBXProject "NimbusTV" */ = {
			isa = XCConfigurationList;
			buildConfigurations = (
				93C326A3294BF51900686E27 /* Debug */,
				93C326A4294BF51900686E27 /* Release */,
			);
			defaultConfigurationIsVisible = 0;
			defaultConfigurationName = Release;
		};
		93C326A5294BF51900686E27 /* Build configuration list for PBXNativeTarget "NimbusTV" */ = {
			isa = XCConfigurationList;
			buildConfigurations = (
				93C326A6294BF51900686E27 /* Debug */,
				93C326A7294BF51900686E27 /* Release */,
			);
			defaultConfigurationIsVisible = 0;
			defaultConfigurationName = Release;
		};
		93C326A8294BF51900686E27 /* Build configuration list for PBXNativeTarget "NimbusTVTests" */ = {
			isa = XCConfigurationList;
			buildConfigurations = (
				93C326A9294BF51900686E27 /* Debug */,
				93C326AA294BF51900686E27 /* Release */,
			);
			defaultConfigurationIsVisible = 0;
			defaultConfigurationName = Release;
		};
		93C326AB294BF51900686E27 /* Build configuration list for PBXNativeTarget "NimbusTVUITests" */ = {
			isa = XCConfigurationList;
			buildConfigurations = (
				93C326AC294BF51900686E27 /* Debug */,
				93C326AD294BF51900686E27 /* Release */,
			);
			defaultConfigurationIsVisible = 0;
			defaultConfigurationName = Release;
		};
/* End XCConfigurationList section */

/* Begin XCRemoteSwiftPackageReference section */
		93C326CF29B55C2600686E27 /* XCRemoteSwiftPackageReference "SDWebImage" */ = {
			isa = XCRemoteSwiftPackageReference;
			repositoryURL = "https://github.com/SDWebImage/SDWebImage.git";
			requirement = {
				kind = upToNextMajorVersion;
				minimumVersion = 5.0.0;
			};
		};
/* End XCRemoteSwiftPackageReference section */

/* Begin XCSwiftPackageProductDependency section */
		93C326D029B55C2600686E27 /* SDWebImage */ = {
			isa = XCSwiftPackageProductDependency;
			package = 93C326CF29B55C2600686E27 /* XCRemoteSwiftPackageReference "SDWebImage" */;
			productName = SDWebImage;
		};
		93C326D229B55C2600686E27 /* SDWebImageMapKit */ = {
			isa = XCSwiftPackageProductDependency;
			package = 93C326CF29B55C2600686E27 /* XCRemoteSwiftPackageReference "SDWebImage" */;
			productName = SDWebImageMapKit;
		};
/* End XCSwiftPackageProductDependency section */

/* Begin XCVersionGroup section */
		93B5EEB52A033196002F2E25 /* NimbusTVModel.xcdatamodeld */ = {
			isa = XCVersionGroup;
			children = (
				93B5EEB62A033196002F2E25 /* NimbusTVModel.xcdatamodel */,
			);
			currentVersion = 93B5EEB62A033196002F2E25 /* NimbusTVModel.xcdatamodel */;
			path = NimbusTVModel.xcdatamodeld;
			sourceTree = "<group>";
			versionGroupType = wrapper.xcdatamodel;
		};
/* End XCVersionGroup section */
	};
	rootObject = 93C32673294BF51700686E27 /* Project object */;
}
